
Microsoft Visual Studio Solution File, Format Version 12.00
# Visual Studio Version 16
VisualStudioVersion = 16.0.31911.196
MinimumVisualStudioVersion = 10.0.40219.1
Project("{FAE04EC0-301F-11D3-BF4B-00C04F79EFBC}") = "MySmartStore", "MySmartStore\MySmartStore.csproj", "{BA99E32C-219A-43B2-886C-1470EA8FB181}"
EndProject
Global
	GlobalSection(SolutionConfigurationPlatforms) = preSolution
		Debug|Any CPU = Debug|Any CPU
		Release|Any CPU = Release|Any CPU
	EndGlobalSection
	GlobalSection(ProjectConfigurationPlatforms) = postSolution
		{BA99E32C-219A-43B2-886C-1470EA8FB181}.Debug|Any CPU.ActiveCfg = Debug|Any CPU
		{BA99E32C-219A-43B2-886C-1470EA8FB181}.Debug|Any CPU.Build.0 = Debug|Any CPU
		{BA99E32C-219A-43B2-886C-1470EA8FB181}.Release|Any CPU.ActiveCfg = Release|Any CPU
		{BA99E32C-219A-43B2-886C-1470EA8FB181}.Release|Any CPU.Build.0 = Release|Any CPU
	EndGlobalSection
	GlobalSection(SolutionProperties) = preSolution
		HideSolutionNode = FALSE
	EndGlobalSection
	GlobalSection(ExtensibilityGlobals) = postSolution
		SolutionGuid = {6964D0FA-4FB1-43BE-925E-0201402E82AB}
	EndGlobalSection
EndGlobal
